{
  "name": "sentry-5-integrations-typescript-angular-bug",
  "requires": true,
  "lockfileVersion": 1,
  "dependencies": {
    "@sentry/browser": {
      "version": "5.0.3",
      "resolved": "https://registry.npmjs.org/@sentry/browser/-/browser-5.0.3.tgz",
      "integrity": "sha512-vKfYYkgd+g7DQnDZAmRYyPhlIMfq/ZgzSNPJAgZgCH1PkoVlybMfJK2EPJbVUZbljm+nVvt/eqKbPaXbrspQtA==",
      "requires": {
        "@sentry/core": "5.0.3",
        "@sentry/types": "5.0.0",
        "@sentry/utils": "5.0.0",
        "tslib": "^1.9.3"
      }
    },
    "@sentry/core": {
      "version": "5.0.3",
      "resolved": "https://registry.npmjs.org/@sentry/core/-/core-5.0.3.tgz",
      "integrity": "sha512-6JOVvU7C4ZVyLbne4hCSt0X1mwEjRn6Lt0WsoH/LDfTsvv9Q/wCjnFmYFaua8ekNsmky8jHNH/Ck7fsKD6hObw==",
      "requires": {
        "@sentry/hub": "5.0.3",
        "@sentry/minimal": "5.0.3",
        "@sentry/types": "5.0.0",
        "@sentry/utils": "5.0.0",
        "tslib": "^1.9.3"
      }
    },
    "@sentry/hub": {
      "version": "5.0.3",
      "resolved": "https://registry.npmjs.org/@sentry/hub/-/hub-5.0.3.tgz",
      "integrity": "sha512-9Yr6NZp3ZqNBsL71zC+/gDlXXAxGp2OI9ffBFdraVqhlOQ4nxsFsP7B8kYBo3IZkryvytkMPoT+Mm4VQhUl8nw==",
      "requires": {
        "@sentry/types": "5.0.0",
        "@sentry/utils": "5.0.0",
        "tslib": "^1.9.3"
      }
    },
    "@sentry/integrations": {
      "version": "5.0.3",
      "resolved": "https://registry.npmjs.org/@sentry/integrations/-/integrations-5.0.3.tgz",
      "integrity": "sha512-eTniRQzcblkNl1ke+SGP0rnys5/IO+tyRegwsGTDzVJFeF8dwg9VWGzce8EAq+hmNuJeOm4tPUDDwoVQkTHedg==",
      "requires": {
        "@sentry/types": "5.0.0",
        "@sentry/utils": "5.0.0"
      }
    },
    "@sentry/minimal": {
      "version": "5.0.3",
      "resolved": "https://registry.npmjs.org/@sentry/minimal/-/minimal-5.0.3.tgz",
      "integrity": "sha512-uX20cBNpglrn2ehm6tnHHqQzk8OcfJcXnQIoLLAT3jCx8hGL0In/eD59K5R7ew0DjPxBpxBGZHOQXHvXCULxOQ==",
      "requires": {
        "@sentry/hub": "5.0.3",
        "@sentry/types": "5.0.0",
        "tslib": "^1.9.3"
      }
    },
    "@sentry/types": {
      "version": "5.0.0",
      "resolved": "https://registry.npmjs.org/@sentry/types/-/types-5.0.0.tgz",
      "integrity": "sha512-6IFaL9BYgZdI9GKOHPcGkyIl77aYp48N+3QNFv4U2e/2cQsw5muI5uslLsIzocD2fBE/DP6m2p7LULP+vj93aw=="
    },
    "@sentry/utils": {
      "version": "5.0.0",
      "resolved": "https://registry.npmjs.org/@sentry/utils/-/utils-5.0.0.tgz",
      "integrity": "sha512-WXOcKodea44SMNZr1XzCewep62maM4BwhSucjWZI7jqXbbK/UMDgTSxEOe/GDD3g6D77zjhYb6bcOznPZxV/8g==",
      "requires": {
        "@sentry/types": "5.0.0",
        "tslib": "^1.9.3"
      }
    },
    "tslib": {
      "version": "1.9.3",
      "resolved": "https://registry.npmjs.org/tslib/-/tslib-1.9.3.tgz",
      "integrity": "sha512-4krF8scpejhaOgqzBEcGM7yDIEfi0/8+8zDRZhNZZ2kjmHJ4hv3zCbQWxoJGz1iw5U0Jl0nma13xzHXcncMavQ=="
    },
    "typescript": {
      "version": "3.4.1",
      "resolved": "https://registry.npmjs.org/typescript/-/typescript-3.4.1.tgz",
      "integrity": "sha512-3NSMb2VzDQm8oBTLH6Nj55VVtUEpe/rgkIzMir0qVoLyjDZlnMBva0U6vDiV3IH+sl/Yu6oP5QwsAQtHPmDd2Q==",
      "dev": true
    }
  }
}
