# THIS IS AN AUTOGENERATED FILE. DO NOT EDIT THIS FILE DIRECTLY.
# yarn lockfile v1


"@sentry/browser@5.0.3":
  version "5.0.3"
  resolved "https://registry.yarnpkg.com/@sentry/browser/-/browser-5.0.3.tgz#4b4d92b3510d6d280f472df7d047dfaa2c3c6868"
  integrity sha512-vKfYYkgd+g7DQnDZAmRYyPhlIMfq/ZgzSNPJAgZgCH1PkoVlybMfJK2EPJbVUZbljm+nVvt/eqKbPaXbrspQtA==
  dependencies:
    "@sentry/core" "5.0.3"
    "@sentry/types" "5.0.0"
    "@sentry/utils" "5.0.0"
    tslib "^1.9.3"

"@sentry/core@5.0.3":
  version "5.0.3"
  resolved "https://registry.yarnpkg.com/@sentry/core/-/core-5.0.3.tgz#d24881f60fe3a880eea9b499963cc747edb4a08b"
  integrity sha512-6JOVvU7C4ZVyLbne4hCSt0X1mwEjRn6Lt0WsoH/LDfTsvv9Q/wCjnFmYFaua8ekNsmky8jHNH/Ck7fsKD6hObw==
  dependencies:
    "@sentry/hub" "5.0.3"
    "@sentry/minimal" "5.0.3"
    "@sentry/types" "5.0.0"
    "@sentry/utils" "5.0.0"
    tslib "^1.9.3"

"@sentry/hub@5.0.3":
  version "5.0.3"
  resolved "https://registry.yarnpkg.com/@sentry/hub/-/hub-5.0.3.tgz#d630fd5cd03ed594bd67b6f1d692b4c220079708"
  integrity sha512-9Yr6NZp3ZqNBsL71zC+/gDlXXAxGp2OI9ffBFdraVqhlOQ4nxsFsP7B8kYBo3IZkryvytkMPoT+Mm4VQhUl8nw==
  dependencies:
    "@sentry/types" "5.0.0"
    "@sentry/utils" "5.0.0"
    tslib "^1.9.3"

"@sentry/integrations@5.0.3":
  version "5.0.3"
  resolved "https://registry.yarnpkg.com/@sentry/integrations/-/integrations-5.0.3.tgz#56b426a4c1712997b6702d5fb674b77c4e39ed2c"
  integrity sha512-eTniRQzcblkNl1ke+SGP0rnys5/IO+tyRegwsGTDzVJFeF8dwg9VWGzce8EAq+hmNuJeOm4tPUDDwoVQkTHedg==
  dependencies:
    "@sentry/types" "5.0.0"
    "@sentry/utils" "5.0.0"

"@sentry/minimal@5.0.3":
  version "5.0.3"
  resolved "https://registry.yarnpkg.com/@sentry/minimal/-/minimal-5.0.3.tgz#b67f870b6d217d48fd418ee39fb014a6a4f1f265"
  integrity sha512-uX20cBNpglrn2ehm6tnHHqQzk8OcfJcXnQIoLLAT3jCx8hGL0In/eD59K5R7ew0DjPxBpxBGZHOQXHvXCULxOQ==
  dependencies:
    "@sentry/hub" "5.0.3"
    "@sentry/types" "5.0.0"
    tslib "^1.9.3"

"@sentry/types@5.0.0":
  version "5.0.0"
  resolved "https://registry.yarnpkg.com/@sentry/types/-/types-5.0.0.tgz#20691849de265021750fae494b6a1328d131bcd0"
  integrity sha512-6IFaL9BYgZdI9GKOHPcGkyIl77aYp48N+3QNFv4U2e/2cQsw5muI5uslLsIzocD2fBE/DP6m2p7LULP+vj93aw==

"@sentry/utils@5.0.0":
  version "5.0.0"
  resolved "https://registry.yarnpkg.com/@sentry/utils/-/utils-5.0.0.tgz#3b86adb4d64bf1a4821b3b665d46f38318ecc9ce"
  integrity sha512-WXOcKodea44SMNZr1XzCewep62maM4BwhSucjWZI7jqXbbK/UMDgTSxEOe/GDD3g6D77zjhYb6bcOznPZxV/8g==
  dependencies:
    "@sentry/types" "5.0.0"
    tslib "^1.9.3"

tslib@^1.9.3:
  version "1.9.3"
  resolved "https://registry.yarnpkg.com/tslib/-/tslib-1.9.3.tgz#d7e4dd79245d85428c4d7e4822a79917954ca286"
  integrity sha512-4krF8scpejhaOgqzBEcGM7yDIEfi0/8+8zDRZhNZZ2kjmHJ4hv3zCbQWxoJGz1iw5U0Jl0nma13xzHXcncMavQ==

typescript@3.4.1:
  version "3.4.1"
  resolved "https://registry.yarnpkg.com/typescript/-/typescript-3.4.1.tgz#b6691be11a881ffa9a05765a205cb7383f3b63c6"
  integrity sha512-3NSMb2VzDQm8oBTLH6Nj55VVtUEpe/rgkIzMir0qVoLyjDZlnMBva0U6vDiV3IH+sl/Yu6oP5QwsAQtHPmDd2Q==
